
Microsoft Visual Studio Solution File, Format Version 12.00
# Visual Studio Version 17
VisualStudioVersion = 17.9.34723.18
MinimumVisualStudioVersion = 10.0.40219.1
Project("{2150E333-8FDC-42A3-9474-1A3956D46DE8}") = "Services", "Services", "{D4B9E79A-BDB8-4282-866D-A26AEDC4D1B7}"
EndProject
Project("{9A19103F-16F7-4668-BE54-9A1E7A4F7556}") = "shoe_shop_productAPI", "shoe_shop_productAPI\shoe_shop_productAPI.csproj", "{2CC701B7-DFDF-40F1-BEF6-9C5C149406C3}"
EndProject
Project("{E53339B2-1760-4266-BCC7-CA923CBCF16C}") = "docker-compose", "docker-compose.dcproj", "{41F1AB1F-3AA8-4451-9B27-836592A03610}"
EndProject
Global
	GlobalSection(SolutionConfigurationPlatforms) = preSolution
		Debug|Any CPU = Debug|Any CPU
		Release|Any CPU = Release|Any CPU
	EndGlobalSection
	GlobalSection(ProjectConfigurationPlatforms) = postSolution
		{2CC701B7-DFDF-40F1-BEF6-9C5C149406C3}.Debug|Any CPU.ActiveCfg = Debug|Any CPU
		{2CC701B7-DFDF-40F1-BEF6-9C5C149406C3}.Debug|Any CPU.Build.0 = Debug|Any CPU
		{2CC701B7-DFDF-40F1-BEF6-9C5C149406C3}.Release|Any CPU.ActiveCfg = Release|Any CPU
		{2CC701B7-DFDF-40F1-BEF6-9C5C149406C3}.Release|Any CPU.Build.0 = Release|Any CPU
		{41F1AB1F-3AA8-4451-9B27-836592A03610}.Debug|Any CPU.ActiveCfg = Debug|Any CPU
		{41F1AB1F-3AA8-4451-9B27-836592A03610}.Debug|Any CPU.Build.0 = Debug|Any CPU
		{41F1AB1F-3AA8-4451-9B27-836592A03610}.Release|Any CPU.ActiveCfg = Release|Any CPU
		{41F1AB1F-3AA8-4451-9B27-836592A03610}.Release|Any CPU.Build.0 = Release|Any CPU
	EndGlobalSection
	GlobalSection(SolutionProperties) = preSolution
		HideSolutionNode = FALSE
	EndGlobalSection
	GlobalSection(NestedProjects) = preSolution
		{2CC701B7-DFDF-40F1-BEF6-9C5C149406C3} = {D4B9E79A-BDB8-4282-866D-A26AEDC4D1B7}
	EndGlobalSection
	GlobalSection(ExtensibilityGlobals) = postSolution
		SolutionGuid = {34304B7B-45FD-4514-8D82-27292B8D057C}
	EndGlobalSection
EndGlobal
